// !$*UTF8*$!
{
	archiveVersion = 1;
	classes = {
	};
	objectVersion = 48;
	objects = {

/* Begin PBXBuildFile section */
		D573266D4FC5E81D8C09C510 /* libPods-Link Desk.a in Frameworks */ = {isa = PBXBuildFile; fileRef = 961072E8A3601D2FCD48483B /* libPods-Link Desk.a */; };
		F614969620596E21004AB6A4 /* top_frame_uncheckin@3x.png in Resources */ = {isa = PBXBuildFile; fileRef = F614967220596E1E004AB6A4 /* top_frame_uncheckin@3x.png */; };
		F614969720596E21004AB6A4 /* top_btn_recheckin@3x.png in Resources */ = {isa = PBXBuildFile; fileRef = F614967320596E1E004AB6A4 /* top_btn_recheckin@3x.png */; };
		F614969820596E21004AB6A4 /* common_bg_recheckin.png in Resources */ = {isa = PBXBuildFile; fileRef = F614967420596E1E004AB6A4 /* common_bg_recheckin.png */; };
		F614969920596E21004AB6A4 /* top_btn_checkout@3x.png in Resources */ = {isa = PBXBuildFile; fileRef = F614967520596E1E004AB6A4 /* top_btn_checkout@3x.png */; };
		F614969A20596E21004AB6A4 /* list_icon_status_open@3x.png in Resources */ = {isa = PBXBuildFile; fileRef = F614967620596E1E004AB6A4 /* list_icon_status_open@3x.png */; };
		F614969B20596E21004AB6A4 /* list_icon_status_busy@3x.png in Resources */ = {isa = PBXBuildFile; fileRef = F614967720596E1E004AB6A4 /* list_icon_status_busy@3x.png */; };
		F614969C20596E21004AB6A4 /* top_btn_status_busy@3x.png in Resources */ = {isa = PBXBuildFile; fileRef = F614967820596E1E004AB6A4 /* top_btn_status_busy@3x.png */; };
		F614969D20596E21004AB6A4 /* header_btn_list@3x.png in Resources */ = {isa = PBXBuildFile; fileRef = F614967920596E1E004AB6A4 /* header_btn_list@3x.png */; };
		F614969E20596E21004AB6A4 /* bg_login@3x.png in Resources */ = {isa = PBXBuildFile; fileRef = F614967A20596E1E004AB6A4 /* bg_login@3x.png */; };
		F614969F20596E21004AB6A4 /* list_btn_close@3x.png in Resources */ = {isa = PBXBuildFile; fileRef = F614967B20596E1E004AB6A4 /* list_btn_close@3x.png */; };
		F61496A020596E21004AB6A4 /* top_btn_status_inactive@3x.png in Resources */ = {isa = PBXBuildFile; fileRef = F614967C20596E1E004AB6A4 /* top_btn_status_inactive@3x.png */; };
		F61496A120596E21004AB6A4 /* login_btn_eye_on@3x.png in Resources */ = {isa = PBXBuildFile; fileRef = F614967D20596E1E004AB6A4 /* login_btn_eye_on@3x.png */; };
		F61496A220596E21004AB6A4 /* list_btn_reserv_on@3x.png in Resources */ = {isa = PBXBuildFile; fileRef = F614967E20596E1E004AB6A4 /* list_btn_reserv_on@3x.png */; };
		F61496A320596E21004AB6A4 /* top_icon_checkin_off@3x.png in Resources */ = {isa = PBXBuildFile; fileRef = F614967F20596E1E004AB6A4 /* top_icon_checkin_off@3x.png */; };
		F61496A420596E21004AB6A4 /* header_btn_help@3x.png in Resources */ = {isa = PBXBuildFile; fileRef = F614968020596E1E004AB6A4 /* header_btn_help@3x.png */; };
		F61496A520596E21004AB6A4 /* top_icon_checkin_on@3x.png in Resources */ = {isa = PBXBuildFile; fileRef = F614968120596E1E004AB6A4 /* top_icon_checkin_on@3x.png */; };
		F61496A620596E21004AB6A4 /* dialog_btn_close@3x.png in Resources */ = {isa = PBXBuildFile; fileRef = F614968220596E1F004AB6A4 /* dialog_btn_close@3x.png */; };
		F61496A720596E21004AB6A4 /* login_btn_eye_off@3x.png in Resources */ = {isa = PBXBuildFile; fileRef = F614968320596E1F004AB6A4 /* login_btn_eye_off@3x.png */; };
		F61496A820596E21004AB6A4 /* top_frame_normal@3x.png in Resources */ = {isa = PBXBuildFile; fileRef = F614968420596E1F004AB6A4 /* top_frame_normal@3x.png */; };
		F61496A920596E21004AB6A4 /* top_btn_checkin@3x.png in Resources */ = {isa = PBXBuildFile; fileRef = F614968520596E1F004AB6A4 /* top_btn_checkin@3x.png */; };
		F61496AA20596E21004AB6A4 /* header_logo@3x.png in Resources */ = {isa = PBXBuildFile; fileRef = F614968620596E1F004AB6A4 /* header_logo@3x.png */; };
		F61496AB20596E21004AB6A4 /* top_btn_status_open@3x.png in Resources */ = {isa = PBXBuildFile; fileRef = F614968720596E1F004AB6A4 /* top_btn_status_open@3x.png */; };
		F61496AC20596E21004AB6A4 /* login_btn_login@3x.png in Resources */ = {isa = PBXBuildFile; fileRef = F614968820596E1F004AB6A4 /* login_btn_login@3x.png */; };
		F61496AD20596E21004AB6A4 /* list_btn_open@3x.png in Resources */ = {isa = PBXBuildFile; fileRef = F614968920596E1F004AB6A4 /* list_btn_open@3x.png */; };
		F61496AE20596E21004AB6A4 /* top_btn_status_normal@3x.png in Resources */ = {isa = PBXBuildFile; fileRef = F614968A20596E1F004AB6A4 /* top_btn_status_normal@3x.png */; };
		F61496AF20596E21004AB6A4 /* help_bg@3x.png in Resources */ = {isa = PBXBuildFile; fileRef = F614968B20596E1F004AB6A4 /* help_bg@3x.png */; };
		F61496B020596E21004AB6A4 /* list_icon_search@3x.png in Resources */ = {isa = PBXBuildFile; fileRef = F614968C20596E1F004AB6A4 /* list_icon_search@3x.png */; };
		F61496B120596E21004AB6A4 /* top_frame_default@3x.png in Resources */ = {isa = PBXBuildFile; fileRef = F614968D20596E20004AB6A4 /* top_frame_default@3x.png */; };
		F61496B220596E21004AB6A4 /* list_btn_reserv_inactive@3x.png in Resources */ = {isa = PBXBuildFile; fileRef = F614968E20596E20004AB6A4 /* list_btn_reserv_inactive@3x.png */; };
		F61496B320596E21004AB6A4 /* list_icon_frame@3x.png in Resources */ = {isa = PBXBuildFile; fileRef = F614968F20596E20004AB6A4 /* list_icon_frame@3x.png */; };
		F61496B420596E21004AB6A4 /* list_btn_reserv_off@3x.png in Resources */ = {isa = PBXBuildFile; fileRef = F614969020596E20004AB6A4 /* list_btn_reserv_off@3x.png */; };
		F61496B520596E21004AB6A4 /* list_icon_status_normal@3x.png in Resources */ = {isa = PBXBuildFile; fileRef = F614969120596E20004AB6A4 /* list_icon_status_normal@3x.png */; };
		F61496B620596E21004AB6A4 /* top_frame_open@3x.png in Resources */ = {isa = PBXBuildFile; fileRef = F614969220596E20004AB6A4 /* top_frame_open@3x.png */; };
		F61496B720596E21004AB6A4 /* top_frame_busy@3x.png in Resources */ = {isa = PBXBuildFile; fileRef = F614969320596E21004AB6A4 /* top_frame_busy@3x.png */; };
		F61496B820596E21004AB6A4 /* header_btn_back@3x.png in Resources */ = {isa = PBXBuildFile; fileRef = F614969420596E21004AB6A4 /* header_btn_back@3x.png */; };
		F61496B920596E21004AB6A4 /* bg_splash@3x.png in Resources */ = {isa = PBXBuildFile; fileRef = F614969520596E21004AB6A4 /* bg_splash@3x.png */; };
		F61496BF205980E1004AB6A4 /* avatar@3x.png in Resources */ = {isa = PBXBuildFile; fileRef = F61496BE205980E1004AB6A4 /* avatar@3x.png */; };
		F61496C1205989AB004AB6A4 /* CustomTableCell.xib in Resources */ = {isa = PBXBuildFile; fileRef = F61496C0205989AB004AB6A4 /* CustomTableCell.xib */; };
		F61496C420598B83004AB6A4 /* UserListTable.m in Sources */ = {isa = PBXBuildFile; fileRef = F61496C320598B83004AB6A4 /* UserListTable.m */; };
		F6A5D0C7205048DD0005BBFC /* LaunchScreen.storyboard in Resources */ = {isa = PBXBuildFile; fileRef = F6A5D0C6205048DD0005BBFC /* LaunchScreen.storyboard */; };
		F6A5D0CA20506CDC0005BBFC /* LoginViewController.m in Sources */ = {isa = PBXBuildFile; fileRef = F6A5D0C920506CDC0005BBFC /* LoginViewController.m */; };
		F6B134A320639403004E024F /* Realm.framework in Frameworks */ = {isa = PBXBuildFile; fileRef = F6B134A220639403004E024F /* Realm.framework */; };
		F6B134A52063946D004E024F /* Tagcast.framework in Frameworks */ = {isa = PBXBuildFile; fileRef = F6B134A42063946D004E024F /* Tagcast.framework */; };
		F6B134A720639476004E024F /* Tagcast.bundle in Resources */ = {isa = PBXBuildFile; fileRef = F6B134A620639476004E024F /* Tagcast.bundle */; };
		F6B5C60920550C4C00D8C4DF /* UserListViewController.m in Sources */ = {isa = PBXBuildFile; fileRef = F6B5C60820550C4C00D8C4DF /* UserListViewController.m */; };
		F6B9B8C52061F92B003FF92B /* CoreBluetooth.framework in Frameworks */ = {isa = PBXBuildFile; fileRef = F6B9B8C42061F92B003FF92B /* CoreBluetooth.framework */; };
		F6B9B8C72061F934003FF92B /* CoreData.framework in Frameworks */ = {isa = PBXBuildFile; fileRef = F6B9B8C62061F934003FF92B /* CoreData.framework */; };
		F6B9B8C92061F93D003FF92B /* CoreLocation.framework in Frameworks */ = {isa = PBXBuildFile; fileRef = F6B9B8C82061F93D003FF92B /* CoreLocation.framework */; };
		F6B9B8CB2061F948003FF92B /* Security.framework in Frameworks */ = {isa = PBXBuildFile; fileRef = F6B9B8CA2061F948003FF92B /* Security.framework */; };
		F6B9B8CD2061F957003FF92B /* libz.tbd in Frameworks */ = {isa = PBXBuildFile; fileRef = F6B9B8CC2061F957003FF92B /* libz.tbd */; };
		F6B9B8CF2061F963003FF92B /* libc++.tbd in Frameworks */ = {isa = PBXBuildFile; fileRef = F6B9B8CE2061F963003FF92B /* libc++.tbd */; };
		F6E28154204F90B800AF4654 /* AppDelegate.m in Sources */ = {isa = PBXBuildFile; fileRef = F6E28153204F90B800AF4654 /* AppDelegate.m */; };
		F6E28157204F90B800AF4654 /* ViewController.m in Sources */ = {isa = PBXBuildFile; fileRef = F6E28156204F90B800AF4654 /* ViewController.m */; };
		F6E2815A204F90B800AF4654 /* Main.storyboard in Resources */ = {isa = PBXBuildFile; fileRef = F6E28158204F90B800AF4654 /* Main.storyboard */; };
		F6E2815C204F90B900AF4654 /* Assets.xcassets in Resources */ = {isa = PBXBuildFile; fileRef = F6E2815B204F90B900AF4654 /* Assets.xcassets */; };
		F6E28162204F90B900AF4654 /* main.m in Sources */ = {isa = PBXBuildFile; fileRef = F6E28161204F90B900AF4654 /* main.m */; };
		F6E2817B204F921600AF4654 /* SplashScreenViewController.m in Sources */ = {isa = PBXBuildFile; fileRef = F6E2817A204F921600AF4654 /* SplashScreenViewController.m */; };
		F6F160A520576BF000661DCC /* TopScreenViewController.m in Sources */ = {isa = PBXBuildFile; fileRef = F6F160A420576BF000661DCC /* TopScreenViewController.m */; };
/* End PBXBuildFile section */

/* Begin PBXFileReference section */
		153B89B1E63B04A23568A5D6 /* Pods-Link Desk.debug.xcconfig */ = {isa = PBXFileReference; includeInIndex = 1; lastKnownFileType = text.xcconfig; name = "Pods-Link Desk.debug.xcconfig"; path = "Pods/Target Support Files/Pods-Link Desk/Pods-Link Desk.debug.xcconfig"; sourceTree = "<group>"; };
		961072E8A3601D2FCD48483B /* libPods-Link Desk.a */ = {isa = PBXFileReference; explicitFileType = archive.ar; includeInIndex = 0; path = "libPods-Link Desk.a"; sourceTree = BUILT_PRODUCTS_DIR; };
		ABB62849C20899E5CDDD8613 /* Pods-Link Desk.release.xcconfig */ = {isa = PBXFileReference; includeInIndex = 1; lastKnownFileType = text.xcconfig; name = "Pods-Link Desk.release.xcconfig"; path = "Pods/Target Support Files/Pods-Link Desk/Pods-Link Desk.release.xcconfig"; sourceTree = "<group>"; };
		F614967220596E1E004AB6A4 /* top_frame_uncheckin@3x.png */ = {isa = PBXFileReference; lastKnownFileType = image.png; path = "top_frame_uncheckin@3x.png"; sourceTree = "<group>"; };
		F614967320596E1E004AB6A4 /* top_btn_recheckin@3x.png */ = {isa = PBXFileReference; lastKnownFileType = image.png; path = "top_btn_recheckin@3x.png"; sourceTree = "<group>"; };
		F614967420596E1E004AB6A4 /* common_bg_recheckin.png */ = {isa = PBXFileReference; lastKnownFileType = image.png; path = common_bg_recheckin.png; sourceTree = "<group>"; };
		F614967520596E1E004AB6A4 /* top_btn_checkout@3x.png */ = {isa = PBXFileReference; lastKnownFileType = image.png; path = "top_btn_checkout@3x.png"; sourceTree = "<group>"; };
		F614967620596E1E004AB6A4 /* list_icon_status_open@3x.png */ = {isa = PBXFileReference; lastKnownFileType = image.png; path = "list_icon_status_open@3x.png"; sourceTree = "<group>"; };
		F614967720596E1E004AB6A4 /* list_icon_status_busy@3x.png */ = {isa = PBXFileReference; lastKnownFileType = image.png; path = "list_icon_status_busy@3x.png"; sourceTree = "<group>"; };
		F614967820596E1E004AB6A4 /* top_btn_status_busy@3x.png */ = {isa = PBXFileReference; lastKnownFileType = image.png; path = "top_btn_status_busy@3x.png"; sourceTree = "<group>"; };
		F614967920596E1E004AB6A4 /* header_btn_list@3x.png */ = {isa = PBXFileReference; lastKnownFileType = image.png; path = "header_btn_list@3x.png"; sourceTree = "<group>"; };
		F614967A20596E1E004AB6A4 /* bg_login@3x.png */ = {isa = PBXFileReference; lastKnownFileType = image.png; path = "bg_login@3x.png"; sourceTree = "<group>"; };
		F614967B20596E1E004AB6A4 /* list_btn_close@3x.png */ = {isa = PBXFileReference; lastKnownFileType = image.png; path = "list_btn_close@3x.png"; sourceTree = "<group>"; };
		F614967C20596E1E004AB6A4 /* top_btn_status_inactive@3x.png */ = {isa = PBXFileReference; lastKnownFileType = image.png; path = "top_btn_status_inactive@3x.png"; sourceTree = "<group>"; };
		F614967D20596E1E004AB6A4 /* login_btn_eye_on@3x.png */ = {isa = PBXFileReference; lastKnownFileType = image.png; path = "login_btn_eye_on@3x.png"; sourceTree = "<group>"; };
		F614967E20596E1E004AB6A4 /* list_btn_reserv_on@3x.png */ = {isa = PBXFileReference; lastKnownFileType = image.png; path = "list_btn_reserv_on@3x.png"; sourceTree = "<group>"; };
		F614967F20596E1E004AB6A4 /* top_icon_checkin_off@3x.png */ = {isa = PBXFileReference; lastKnownFileType = image.png; path = "top_icon_checkin_off@3x.png"; sourceTree = "<group>"; };
		F614968020596E1E004AB6A4 /* header_btn_help@3x.png */ = {isa = PBXFileReference; lastKnownFileType = image.png; path = "header_btn_help@3x.png"; sourceTree = "<group>"; };
		F614968120596E1E004AB6A4 /* top_icon_checkin_on@3x.png */ = {isa = PBXFileReference; lastKnownFileType = image.png; path = "top_icon_checkin_on@3x.png"; sourceTree = "<group>"; };
		F614968220596E1F004AB6A4 /* dialog_btn_close@3x.png */ = {isa = PBXFileReference; lastKnownFileType = image.png; path = "dialog_btn_close@3x.png"; sourceTree = "<group>"; };
		F614968320596E1F004AB6A4 /* login_btn_eye_off@3x.png */ = {isa = PBXFileReference; lastKnownFileType = image.png; path = "login_btn_eye_off@3x.png"; sourceTree = "<group>"; };
		F614968420596E1F004AB6A4 /* top_frame_normal@3x.png */ = {isa = PBXFileReference; lastKnownFileType = image.png; path = "top_frame_normal@3x.png"; sourceTree = "<group>"; };
		F614968520596E1F004AB6A4 /* top_btn_checkin@3x.png */ = {isa = PBXFileReference; lastKnownFileType = image.png; path = "top_btn_checkin@3x.png"; sourceTree = "<group>"; };
		F614968620596E1F004AB6A4 /* header_logo@3x.png */ = {isa = PBXFileReference; lastKnownFileType = image.png; path = "header_logo@3x.png"; sourceTree = "<group>"; };
		F614968720596E1F004AB6A4 /* top_btn_status_open@3x.png */ = {isa = PBXFileReference; lastKnownFileType = image.png; path = "top_btn_status_open@3x.png"; sourceTree = "<group>"; };
		F614968820596E1F004AB6A4 /* login_btn_login@3x.png */ = {isa = PBXFileReference; lastKnownFileType = image.png; path = "login_btn_login@3x.png"; sourceTree = "<group>"; };
		F614968920596E1F004AB6A4 /* list_btn_open@3x.png */ = {isa = PBXFileReference; lastKnownFileType = image.png; path = "list_btn_open@3x.png"; sourceTree = "<group>"; };
		F614968A20596E1F004AB6A4 /* top_btn_status_normal@3x.png */ = {isa = PBXFileReference; lastKnownFileType = image.png; path = "top_btn_status_normal@3x.png"; sourceTree = "<group>"; };
		F614968B20596E1F004AB6A4 /* help_bg@3x.png */ = {isa = PBXFileReference; lastKnownFileType = image.png; path = "help_bg@3x.png"; sourceTree = "<group>"; };
		F614968C20596E1F004AB6A4 /* list_icon_search@3x.png */ = {isa = PBXFileReference; lastKnownFileType = image.png; path = "list_icon_search@3x.png"; sourceTree = "<group>"; };
		F614968D20596E20004AB6A4 /* top_frame_default@3x.png */ = {isa = PBXFileReference; lastKnownFileType = image.png; path = "top_frame_default@3x.png"; sourceTree = "<group>"; };
		F614968E20596E20004AB6A4 /* list_btn_reserv_inactive@3x.png */ = {isa = PBXFileReference; lastKnownFileType = image.png; path = "list_btn_reserv_inactive@3x.png"; sourceTree = "<group>"; };
		F614968F20596E20004AB6A4 /* list_icon_frame@3x.png */ = {isa = PBXFileReference; lastKnownFileType = image.png; path = "list_icon_frame@3x.png"; sourceTree = "<group>"; };
		F614969020596E20004AB6A4 /* list_btn_reserv_off@3x.png */ = {isa = PBXFileReference; lastKnownFileType = image.png; path = "list_btn_reserv_off@3x.png"; sourceTree = "<group>"; };
		F614969120596E20004AB6A4 /* list_icon_status_normal@3x.png */ = {isa = PBXFileReference; lastKnownFileType = image.png; path = "list_icon_status_normal@3x.png"; sourceTree = "<group>"; };
		F614969220596E20004AB6A4 /* top_frame_open@3x.png */ = {isa = PBXFileReference; lastKnownFileType = image.png; path = "top_frame_open@3x.png"; sourceTree = "<group>"; };
		F614969320596E21004AB6A4 /* top_frame_busy@3x.png */ = {isa = PBXFileReference; lastKnownFileType = image.png; path = "top_frame_busy@3x.png"; sourceTree = "<group>"; };
		F614969420596E21004AB6A4 /* header_btn_back@3x.png */ = {isa = PBXFileReference; lastKnownFileType = image.png; path = "header_btn_back@3x.png"; sourceTree = "<group>"; };
		F614969520596E21004AB6A4 /* bg_splash@3x.png */ = {isa = PBXFileReference; lastKnownFileType = image.png; path = "bg_splash@3x.png"; sourceTree = "<group>"; };
		F61496BE205980E1004AB6A4 /* avatar@3x.png */ = {isa = PBXFileReference; lastKnownFileType = image.png; path = "avatar@3x.png"; sourceTree = "<group>"; };
		F61496C0205989AB004AB6A4 /* CustomTableCell.xib */ = {isa = PBXFileReference; lastKnownFileType = file.xib; path = CustomTableCell.xib; sourceTree = "<group>"; };
		F61496C220598B83004AB6A4 /* UserListTable.h */ = {isa = PBXFileReference; lastKnownFileType = sourcecode.c.h; path = UserListTable.h; sourceTree = "<group>"; };
		F61496C320598B83004AB6A4 /* UserListTable.m */ = {isa = PBXFileReference; lastKnownFileType = sourcecode.c.objc; path = UserListTable.m; sourceTree = "<group>"; };
		F6A5D0C6205048DD0005BBFC /* LaunchScreen.storyboard */ = {isa = PBXFileReference; lastKnownFileType = file.storyboard; path = LaunchScreen.storyboard; sourceTree = "<group>"; };
		F6A5D0C820506CDC0005BBFC /* LoginViewController.h */ = {isa = PBXFileReference; lastKnownFileType = sourcecode.c.h; path = LoginViewController.h; sourceTree = "<group>"; };
		F6A5D0C920506CDC0005BBFC /* LoginViewController.m */ = {isa = PBXFileReference; lastKnownFileType = sourcecode.c.objc; path = LoginViewController.m; sourceTree = "<group>"; };
		F6B134A220639403004E024F /* Realm.framework */ = {isa = PBXFileReference; lastKnownFileType = wrapper.framework; path = Realm.framework; sourceTree = "<group>"; };
		F6B134A42063946D004E024F /* Tagcast.framework */ = {isa = PBXFileReference; lastKnownFileType = wrapper.framework; path = Tagcast.framework; sourceTree = "<group>"; };
		F6B134A620639476004E024F /* Tagcast.bundle */ = {isa = PBXFileReference; lastKnownFileType = "wrapper.plug-in"; name = Tagcast.bundle; path = Tagcast.framework/Versions/A/Resources/Tagcast.bundle; sourceTree = "<group>"; };
		F6B5C60720550C4C00D8C4DF /* UserListViewController.h */ = {isa = PBXFileReference; lastKnownFileType = sourcecode.c.h; path = UserListViewController.h; sourceTree = "<group>"; };
		F6B5C60820550C4C00D8C4DF /* UserListViewController.m */ = {isa = PBXFileReference; lastKnownFileType = sourcecode.c.objc; path = UserListViewController.m; sourceTree = "<group>"; };
		F6B9B8C42061F92B003FF92B /* CoreBluetooth.framework */ = {isa = PBXFileReference; lastKnownFileType = wrapper.framework; name = CoreBluetooth.framework; path = System/Library/Frameworks/CoreBluetooth.framework; sourceTree = SDKROOT; };
		F6B9B8C62061F934003FF92B /* CoreData.framework */ = {isa = PBXFileReference; lastKnownFileType = wrapper.framework; name = CoreData.framework; path = System/Library/Frameworks/CoreData.framework; sourceTree = SDKROOT; };
		F6B9B8C82061F93D003FF92B /* CoreLocation.framework */ = {isa = PBXFileReference; lastKnownFileType = wrapper.framework; name = CoreLocation.framework; path = System/Library/Frameworks/CoreLocation.framework; sourceTree = SDKROOT; };
		F6B9B8CA2061F948003FF92B /* Security.framework */ = {isa = PBXFileReference; lastKnownFileType = wrapper.framework; name = Security.framework; path = System/Library/Frameworks/Security.framework; sourceTree = SDKROOT; };
		F6B9B8CC2061F957003FF92B /* libz.tbd */ = {isa = PBXFileReference; lastKnownFileType = "sourcecode.text-based-dylib-definition"; name = libz.tbd; path = usr/lib/libz.tbd; sourceTree = SDKROOT; };
		F6B9B8CE2061F963003FF92B /* libc++.tbd */ = {isa = PBXFileReference; lastKnownFileType = "sourcecode.text-based-dylib-definition"; name = "libc++.tbd"; path = "usr/lib/libc++.tbd"; sourceTree = SDKROOT; };
		F6E2814F204F90B800AF4654 /* Link Desk.app */ = {isa = PBXFileReference; explicitFileType = wrapper.application; includeInIndex = 0; path = "Link Desk.app"; sourceTree = BUILT_PRODUCTS_DIR; };
		F6E28152204F90B800AF4654 /* AppDelegate.h */ = {isa = PBXFileReference; lastKnownFileType = sourcecode.c.h; path = AppDelegate.h; sourceTree = "<group>"; };
		F6E28153204F90B800AF4654 /* AppDelegate.m */ = {isa = PBXFileReference; lastKnownFileType = sourcecode.c.objc; path = AppDelegate.m; sourceTree = "<group>"; };
		F6E28155204F90B800AF4654 /* ViewController.h */ = {isa = PBXFileReference; lastKnownFileType = sourcecode.c.h; path = ViewController.h; sourceTree = "<group>"; };
		F6E28156204F90B800AF4654 /* ViewController.m */ = {isa = PBXFileReference; lastKnownFileType = sourcecode.c.objc; path = ViewController.m; sourceTree = "<group>"; };
		F6E28159204F90B800AF4654 /* Base */ = {isa = PBXFileReference; lastKnownFileType = file.storyboard; name = Base; path = Base.lproj/Main.storyboard; sourceTree = "<group>"; };
		F6E2815B204F90B900AF4654 /* Assets.xcassets */ = {isa = PBXFileReference; lastKnownFileType = folder.assetcatalog; path = Assets.xcassets; sourceTree = "<group>"; };
		F6E28160204F90B900AF4654 /* Info.plist */ = {isa = PBXFileReference; lastKnownFileType = text.plist.xml; path = Info.plist; sourceTree = "<group>"; };
		F6E28161204F90B900AF4654 /* main.m */ = {isa = PBXFileReference; lastKnownFileType = sourcecode.c.objc; path = main.m; sourceTree = "<group>"; };
		F6E28179204F921600AF4654 /* SplashScreenViewController.h */ = {isa = PBXFileReference; lastKnownFileType = sourcecode.c.h; path = SplashScreenViewController.h; sourceTree = "<group>"; };
		F6E2817A204F921600AF4654 /* SplashScreenViewController.m */ = {isa = PBXFileReference; lastKnownFileType = sourcecode.c.objc; path = SplashScreenViewController.m; sourceTree = "<group>"; };
		F6F160A320576BF000661DCC /* TopScreenViewController.h */ = {isa = PBXFileReference; lastKnownFileType = sourcecode.c.h; path = TopScreenViewController.h; sourceTree = "<group>"; };
		F6F160A420576BF000661DCC /* TopScreenViewController.m */ = {isa = PBXFileReference; lastKnownFileType = sourcecode.c.objc; path = TopScreenViewController.m; sourceTree = "<group>"; };
/* End PBXFileReference section */

/* Begin PBXFrameworksBuildPhase section */
		F6E2814C204F90B800AF4654 /* Frameworks */ = {
			isa = PBXFrameworksBuildPhase;
			buildActionMask = 2147483647;
			files = (
				F6B134A320639403004E024F /* Realm.framework in Frameworks */,
				F6B9B8CF2061F963003FF92B /* libc++.tbd in Frameworks */,
				F6B9B8CD2061F957003FF92B /* libz.tbd in Frameworks */,
				F6B9B8CB2061F948003FF92B /* Security.framework in Frameworks */,
				F6B9B8C92061F93D003FF92B /* CoreLocation.framework in Frameworks */,
				F6B9B8C72061F934003FF92B /* CoreData.framework in Frameworks */,
				F6B9B8C52061F92B003FF92B /* CoreBluetooth.framework in Frameworks */,
				D573266D4FC5E81D8C09C510 /* libPods-Link Desk.a in Frameworks */,
				F6B134A52063946D004E024F /* Tagcast.framework in Frameworks */,
			);
			runOnlyForDeploymentPostprocessing = 0;
		};
/* End PBXFrameworksBuildPhase section */

/* Begin PBXGroup section */
		3965E5A4182A077C6CEEDDDE /* Pods */ = {
			isa = PBXGroup;
			children = (
				153B89B1E63B04A23568A5D6 /* Pods-Link Desk.debug.xcconfig */,
				ABB62849C20899E5CDDD8613 /* Pods-Link Desk.release.xcconfig */,
			);
			name = Pods;
			sourceTree = "<group>";
		};
		CFCF3D328019A685503659FC /* Frameworks */ = {
			isa = PBXGroup;
			children = (
				F6B9B8CE2061F963003FF92B /* libc++.tbd */,
				F6B9B8CC2061F957003FF92B /* libz.tbd */,
				F6B9B8CA2061F948003FF92B /* Security.framework */,
				F6B9B8C82061F93D003FF92B /* CoreLocation.framework */,
				F6B9B8C62061F934003FF92B /* CoreData.framework */,
				F6B9B8C42061F92B003FF92B /* CoreBluetooth.framework */,
				961072E8A3601D2FCD48483B /* libPods-Link Desk.a */,
			);
			name = Frameworks;
			sourceTree = "<group>";
		};
		F6B5C60620550C2300D8C4DF /* UserListVC */ = {
			isa = PBXGroup;
			children = (
				F6B5C60720550C4C00D8C4DF /* UserListViewController.h */,
				F6B5C60820550C4C00D8C4DF /* UserListViewController.m */,
				F61496C0205989AB004AB6A4 /* CustomTableCell.xib */,
				F61496C220598B83004AB6A4 /* UserListTable.h */,
				F61496C320598B83004AB6A4 /* UserListTable.m */,
			);
			path = UserListVC;
			sourceTree = "<group>";
		};
		F6B9B8D7206207FA003FF92B /* library */ = {
			isa = PBXGroup;
			children = (
				F6B134A620639476004E024F /* Tagcast.bundle */,
				F6B134A42063946D004E024F /* Tagcast.framework */,
				F6B134A220639403004E024F /* Realm.framework */,
			);
			path = library;
			sourceTree = "<group>";
		};
		F6E28146204F90B800AF4654 = {
			isa = PBXGroup;
			children = (
				F6E28151204F90B800AF4654 /* Link Desk */,
				F6E28150204F90B800AF4654 /* Products */,
				3965E5A4182A077C6CEEDDDE /* Pods */,
				CFCF3D328019A685503659FC /* Frameworks */,
			);
			sourceTree = "<group>";
		};
		F6E28150204F90B800AF4654 /* Products */ = {
			isa = PBXGroup;
			children = (
				F6E2814F204F90B800AF4654 /* Link Desk.app */,
			);
			name = Products;
			sourceTree = "<group>";
		};
		F6E28151204F90B800AF4654 /* Link Desk */ = {
			isa = PBXGroup;
			children = (
				F6B9B8D7206207FA003FF92B /* library */,
				F6E28169204F91A000AF4654 /* Resources */,
				F6E28168204F914F00AF4654 /* ViewController */,
				F6E28152204F90B800AF4654 /* AppDelegate.h */,
				F6E28153204F90B800AF4654 /* AppDelegate.m */,
				F6E28155204F90B800AF4654 /* ViewController.h */,
				F6E28156204F90B800AF4654 /* ViewController.m */,
				F6E28158204F90B800AF4654 /* Main.storyboard */,
				F6E2815B204F90B900AF4654 /* Assets.xcassets */,
				F6E28160204F90B900AF4654 /* Info.plist */,
				F6E28161204F90B900AF4654 /* main.m */,
				F6A5D0C6205048DD0005BBFC /* LaunchScreen.storyboard */,
			);
			path = "Link Desk";
			sourceTree = "<group>";
		};
		F6E28168204F914F00AF4654 /* ViewController */ = {
			isa = PBXGroup;
			children = (
				F6F160A220576BB700661DCC /* TopScreenVC */,
				F6B5C60620550C2300D8C4DF /* UserListVC */,
				F6E2817E204F994E00AF4654 /* LoginVC */,
				F6E28178204F920300AF4654 /* SplashScreenVC */,
			);
			path = ViewController;
			sourceTree = "<group>";
		};
		F6E28169204F91A000AF4654 /* Resources */ = {
			isa = PBXGroup;
			children = (
				F61496BE205980E1004AB6A4 /* avatar@3x.png */,
				F614967A20596E1E004AB6A4 /* bg_login@3x.png */,
				F614969520596E21004AB6A4 /* bg_splash@3x.png */,
				F614967420596E1E004AB6A4 /* common_bg_recheckin.png */,
				F614968220596E1F004AB6A4 /* dialog_btn_close@3x.png */,
				F614969420596E21004AB6A4 /* header_btn_back@3x.png */,
				F614968020596E1E004AB6A4 /* header_btn_help@3x.png */,
				F614967920596E1E004AB6A4 /* header_btn_list@3x.png */,
				F614968620596E1F004AB6A4 /* header_logo@3x.png */,
				F614968B20596E1F004AB6A4 /* help_bg@3x.png */,
				F614967B20596E1E004AB6A4 /* list_btn_close@3x.png */,
				F614968920596E1F004AB6A4 /* list_btn_open@3x.png */,
				F614968E20596E20004AB6A4 /* list_btn_reserv_inactive@3x.png */,
				F614969020596E20004AB6A4 /* list_btn_reserv_off@3x.png */,
				F614967E20596E1E004AB6A4 /* list_btn_reserv_on@3x.png */,
				F614968F20596E20004AB6A4 /* list_icon_frame@3x.png */,
				F614968C20596E1F004AB6A4 /* list_icon_search@3x.png */,
				F614967720596E1E004AB6A4 /* list_icon_status_busy@3x.png */,
				F614969120596E20004AB6A4 /* list_icon_status_normal@3x.png */,
				F614967620596E1E004AB6A4 /* list_icon_status_open@3x.png */,
				F614968320596E1F004AB6A4 /* login_btn_eye_off@3x.png */,
				F614967D20596E1E004AB6A4 /* login_btn_eye_on@3x.png */,
				F614968820596E1F004AB6A4 /* login_btn_login@3x.png */,
				F614968520596E1F004AB6A4 /* top_btn_checkin@3x.png */,
				F614967520596E1E004AB6A4 /* top_btn_checkout@3x.png */,
				F614967320596E1E004AB6A4 /* top_btn_recheckin@3x.png */,
				F614967820596E1E004AB6A4 /* top_btn_status_busy@3x.png */,
				F614967C20596E1E004AB6A4 /* top_btn_status_inactive@3x.png */,
				F614968A20596E1F004AB6A4 /* top_btn_status_normal@3x.png */,
				F614968720596E1F004AB6A4 /* top_btn_status_open@3x.png */,
				F614969320596E21004AB6A4 /* top_frame_busy@3x.png */,
				F614968D20596E20004AB6A4 /* top_frame_default@3x.png */,
				F614968420596E1F004AB6A4 /* top_frame_normal@3x.png */,
				F614969220596E20004AB6A4 /* top_frame_open@3x.png */,
				F614967220596E1E004AB6A4 /* top_frame_uncheckin@3x.png */,
				F614967F20596E1E004AB6A4 /* top_icon_checkin_off@3x.png */,
				F614968120596E1E004AB6A4 /* top_icon_checkin_on@3x.png */,
			);
			path = Resources;
			sourceTree = "<group>";
		};
		F6E28178204F920300AF4654 /* SplashScreenVC */ = {
			isa = PBXGroup;
			children = (
				F6E28179204F921600AF4654 /* SplashScreenViewController.h */,
				F6E2817A204F921600AF4654 /* SplashScreenViewController.m */,
			);
			path = SplashScreenVC;
			sourceTree = "<group>";
		};
		F6E2817E204F994E00AF4654 /* LoginVC */ = {
			isa = PBXGroup;
			children = (
				F6A5D0C820506CDC0005BBFC /* LoginViewController.h */,
				F6A5D0C920506CDC0005BBFC /* LoginViewController.m */,
			);
			path = LoginVC;
			sourceTree = "<group>";
		};
		F6F160A220576BB700661DCC /* TopScreenVC */ = {
			isa = PBXGroup;
			children = (
				F6F160A320576BF000661DCC /* TopScreenViewController.h */,
				F6F160A420576BF000661DCC /* TopScreenViewController.m */,
			);
			path = TopScreenVC;
			sourceTree = "<group>";
		};
/* End PBXGroup section */

/* Begin PBXNativeTarget section */
		F6E2814E204F90B800AF4654 /* Link Desk */ = {
			isa = PBXNativeTarget;
			buildConfigurationList = F6E28165204F90B900AF4654 /* Build configuration list for PBXNativeTarget "Link Desk" */;
			buildPhases = (
				4735760FE4260866F34D7F14 /* [CP] Check Pods Manifest.lock */,
				F6E2814B204F90B800AF4654 /* Sources */,
				F6E2814C204F90B800AF4654 /* Frameworks */,
				F6E2814D204F90B800AF4654 /* Resources */,
				CD5ACBEAA304BEED9365A1DB /* [CP] Embed Pods Frameworks */,
				0C19929961F11EF2EA3A05BC /* [CP] Copy Pods Resources */,
			);
			buildRules = (
			);
			dependencies = (
			);
			name = "Link Desk";
			productName = "Link Desk";
			productReference = F6E2814F204F90B800AF4654 /* Link Desk.app */;
			productType = "com.apple.product-type.application";
		};
/* End PBXNativeTarget section */

/* Begin PBXProject section */
		F6E28147204F90B800AF4654 /* Project object */ = {
			isa = PBXProject;
			attributes = {
				LastUpgradeCheck = 0920;
				ORGANIZATIONNAME = GiangLe;
				TargetAttributes = {
					F6E2814E204F90B800AF4654 = {
						CreatedOnToolsVersion = 9.2;
						ProvisioningStyle = Automatic;
					};
				};
			};
			buildConfigurationList = F6E2814A204F90B800AF4654 /* Build configuration list for PBXProject "Link Desk" */;
			compatibilityVersion = "Xcode 8.0";
			developmentRegion = en;
			hasScannedForEncodings = 0;
			knownRegions = (
				en,
				Base,
			);
			mainGroup = F6E28146204F90B800AF4654;
			productRefGroup = F6E28150204F90B800AF4654 /* Products */;
			projectDirPath = "";
			projectRoot = "";
			targets = (
				F6E2814E204F90B800AF4654 /* Link Desk */,
			);
		};
/* End PBXProject section */

/* Begin PBXResourcesBuildPhase section */
		F6E2814D204F90B800AF4654 /* Resources */ = {
			isa = PBXResourcesBuildPhase;
			buildActionMask = 2147483647;
			files = (
				F61496A820596E21004AB6A4 /* top_frame_normal@3x.png in Resources */,
				F61496B620596E21004AB6A4 /* top_frame_open@3x.png in Resources */,
				F61496B320596E21004AB6A4 /* list_icon_frame@3x.png in Resources */,
				F61496A520596E21004AB6A4 /* top_icon_checkin_on@3x.png in Resources */,
				F61496B820596E21004AB6A4 /* header_btn_back@3x.png in Resources */,
				F61496AC20596E21004AB6A4 /* login_btn_login@3x.png in Resources */,
				F614969720596E21004AB6A4 /* top_btn_recheckin@3x.png in Resources */,
				F61496B220596E21004AB6A4 /* list_btn_reserv_inactive@3x.png in Resources */,
				F614969B20596E21004AB6A4 /* list_icon_status_busy@3x.png in Resources */,
				F61496AF20596E21004AB6A4 /* help_bg@3x.png in Resources */,
				F614969E20596E21004AB6A4 /* bg_login@3x.png in Resources */,
				F614969F20596E21004AB6A4 /* list_btn_close@3x.png in Resources */,
				F61496AE20596E21004AB6A4 /* top_btn_status_normal@3x.png in Resources */,
				F61496A920596E21004AB6A4 /* top_btn_checkin@3x.png in Resources */,
				F614969920596E21004AB6A4 /* top_btn_checkout@3x.png in Resources */,
				F614969A20596E21004AB6A4 /* list_icon_status_open@3x.png in Resources */,
				F61496AA20596E21004AB6A4 /* header_logo@3x.png in Resources */,
				F614969620596E21004AB6A4 /* top_frame_uncheckin@3x.png in Resources */,
				F61496BF205980E1004AB6A4 /* avatar@3x.png in Resources */,
				F614969D20596E21004AB6A4 /* header_btn_list@3x.png in Resources */,
				F61496A220596E21004AB6A4 /* list_btn_reserv_on@3x.png in Resources */,
				F6B134A720639476004E024F /* Tagcast.bundle in Resources */,
				F61496B520596E21004AB6A4 /* list_icon_status_normal@3x.png in Resources */,
				F61496B020596E21004AB6A4 /* list_icon_search@3x.png in Resources */,
				F61496AB20596E21004AB6A4 /* top_btn_status_open@3x.png in Resources */,
				F61496B920596E21004AB6A4 /* bg_splash@3x.png in Resources */,
				F614969820596E21004AB6A4 /* common_bg_recheckin.png in Resources */,
				F6A5D0C7205048DD0005BBFC /* LaunchScreen.storyboard in Resources */,
				F61496C1205989AB004AB6A4 /* CustomTableCell.xib in Resources */,
				F614969C20596E21004AB6A4 /* top_btn_status_busy@3x.png in Resources */,
				F61496A620596E21004AB6A4 /* dialog_btn_close@3x.png in Resources */,
				F61496A720596E21004AB6A4 /* login_btn_eye_off@3x.png in Resources */,
				F61496A420596E21004AB6A4 /* header_btn_help@3x.png in Resources */,
				F61496B120596E21004AB6A4 /* top_frame_default@3x.png in Resources */,
				F61496B720596E21004AB6A4 /* top_frame_busy@3x.png in Resources */,
				F61496B420596E21004AB6A4 /* list_btn_reserv_off@3x.png in Resources */,
				F61496A120596E21004AB6A4 /* login_btn_eye_on@3x.png in Resources */,
				F61496A320596E21004AB6A4 /* top_icon_checkin_off@3x.png in Resources */,
				F61496A020596E21004AB6A4 /* top_btn_status_inactive@3x.png in Resources */,
				F6E2815C204F90B900AF4654 /* Assets.xcassets in Resources */,
				F6E2815A204F90B800AF4654 /* Main.storyboard in Resources */,
				F61496AD20596E21004AB6A4 /* list_btn_open@3x.png in Resources */,
			);
			runOnlyForDeploymentPostprocessing = 0;
		};
/* End PBXResourcesBuildPhase section */

/* Begin PBXShellScriptBuildPhase section */
		0C19929961F11EF2EA3A05BC /* [CP] Copy Pods Resources */ = {
			isa = PBXShellScriptBuildPhase;
			buildActionMask = 2147483647;
			files = (
			);
			inputPaths = (
			);
			name = "[CP] Copy Pods Resources";
			outputPaths = (
			);
			runOnlyForDeploymentPostprocessing = 0;
			shellPath = /bin/sh;
			shellScript = "\"${SRCROOT}/Pods/Target Support Files/Pods-Link Desk/Pods-Link Desk-resources.sh\"\n";
			showEnvVarsInLog = 0;
		};
		4735760FE4260866F34D7F14 /* [CP] Check Pods Manifest.lock */ = {
			isa = PBXShellScriptBuildPhase;
			buildActionMask = 2147483647;
			files = (
			);
			inputPaths = (
				"${PODS_PODFILE_DIR_PATH}/Podfile.lock",
				"${PODS_ROOT}/Manifest.lock",
			);
			name = "[CP] Check Pods Manifest.lock";
			outputPaths = (
				"$(DERIVED_FILE_DIR)/Pods-Link Desk-checkManifestLockResult.txt",
			);
			runOnlyForDeploymentPostprocessing = 0;
			shellPath = /bin/sh;
			shellScript = "diff \"${PODS_PODFILE_DIR_PATH}/Podfile.lock\" \"${PODS_ROOT}/Manifest.lock\" > /dev/null\nif [ $? != 0 ] ; then\n    # print error to STDERR\n    echo \"error: The sandbox is not in sync with the Podfile.lock. Run 'pod install' or update your CocoaPods installation.\" >&2\n    exit 1\nfi\n# This output is used by Xcode 'outputs' to avoid re-running this script phase.\necho \"SUCCESS\" > \"${SCRIPT_OUTPUT_FILE_0}\"\n";
			showEnvVarsInLog = 0;
		};
		CD5ACBEAA304BEED9365A1DB /* [CP] Embed Pods Frameworks */ = {
			isa = PBXShellScriptBuildPhase;
			buildActionMask = 2147483647;
			files = (
			);
			inputPaths = (
			);
			name = "[CP] Embed Pods Frameworks";
			outputPaths = (
			);
			runOnlyForDeploymentPostprocessing = 0;
			shellPath = /bin/sh;
			shellScript = "\"${SRCROOT}/Pods/Target Support Files/Pods-Link Desk/Pods-Link Desk-frameworks.sh\"\n";
			showEnvVarsInLog = 0;
		};
/* End PBXShellScriptBuildPhase section */

/* Begin PBXSourcesBuildPhase section */
		F6E2814B204F90B800AF4654 /* Sources */ = {
			isa = PBXSourcesBuildPhase;
			buildActionMask = 2147483647;
			files = (
				F6E28157204F90B800AF4654 /* ViewController.m in Sources */,
				F6E2817B204F921600AF4654 /* SplashScreenViewController.m in Sources */,
				F6A5D0CA20506CDC0005BBFC /* LoginViewController.m in Sources */,
				F6F160A520576BF000661DCC /* TopScreenViewController.m in Sources */,
				F6E28162204F90B900AF4654 /* main.m in Sources */,
				F61496C420598B83004AB6A4 /* UserListTable.m in Sources */,
				F6E28154204F90B800AF4654 /* AppDelegate.m in Sources */,
				F6B5C60920550C4C00D8C4DF /* UserListViewController.m in Sources */,
			);
			runOnlyForDeploymentPostprocessing = 0;
		};
/* End PBXSourcesBuildPhase section */

/* Begin PBXVariantGroup section */
		F6E28158204F90B800AF4654 /* Main.storyboard */ = {
			isa = PBXVariantGroup;
			children = (
				F6E28159204F90B800AF4654 /* Base */,
			);
			name = Main.storyboard;
			sourceTree = "<group>";
		};
/* End PBXVariantGroup section */

/* Begin XCBuildConfiguration section */
		F6E28163204F90B900AF4654 /* Debug */ = {
			isa = XCBuildConfiguration;
			buildSettings = {
				ALWAYS_SEARCH_USER_PATHS = NO;
				CLANG_ANALYZER_NONNULL = YES;
				CLANG_ANALYZER_NUMBER_OBJECT_CONVERSION = YES_AGGRESSIVE;
				CLANG_CXX_LANGUAGE_STANDARD = "gnu++14";
				CLANG_CXX_LIBRARY = "libc++";
				CLANG_ENABLE_MODULES = YES;
				CLANG_ENABLE_OBJC_ARC = YES;
				CLANG_WARN_BLOCK_CAPTURE_AUTORELEASING = YES;
				CLANG_WARN_BOOL_CONVERSION = YES;
				CLANG_WARN_COMMA = YES;
				CLANG_WARN_CONSTANT_CONVERSION = YES;
				CLANG_WARN_DIRECT_OBJC_ISA_USAGE = YES_ERROR;
				CLANG_WARN_DOCUMENTATION_COMMENTS = YES;
				CLANG_WARN_EMPTY_BODY = YES;
				CLANG_WARN_ENUM_CONVERSION = YES;
				CLANG_WARN_INFINITE_RECURSION = YES;
				CLANG_WARN_INT_CONVERSION = YES;
				CLANG_WARN_NON_LITERAL_NULL_CONVERSION = YES;
				CLANG_WARN_OBJC_LITERAL_CONVERSION = YES;
				CLANG_WARN_OBJC_ROOT_CLASS = YES_ERROR;
				CLANG_WARN_RANGE_LOOP_ANALYSIS = YES;
				CLANG_WARN_STRICT_PROTOTYPES = YES;
				CLANG_WARN_SUSPICIOUS_MOVE = YES;
				CLANG_WARN_UNGUARDED_AVAILABILITY = YES_AGGRESSIVE;
				CLANG_WARN_UNREACHABLE_CODE = YES;
				CLANG_WARN__DUPLICATE_METHOD_MATCH = YES;
				CODE_SIGN_IDENTITY = "iPhone Developer";
				COPY_PHASE_STRIP = NO;
				DEBUG_INFORMATION_FORMAT = dwarf;
				ENABLE_STRICT_OBJC_MSGSEND = YES;
				ENABLE_TESTABILITY = YES;
				GCC_C_LANGUAGE_STANDARD = gnu11;
				GCC_DYNAMIC_NO_PIC = NO;
				GCC_NO_COMMON_BLOCKS = YES;
				GCC_OPTIMIZATION_LEVEL = 0;
				GCC_PREPROCESSOR_DEFINITIONS = (
					"DEBUG=1",
					"$(inherited)",
				);
				GCC_WARN_64_TO_32_BIT_CONVERSION = YES;
				GCC_WARN_ABOUT_RETURN_TYPE = YES_ERROR;
				GCC_WARN_UNDECLARED_SELECTOR = YES;
				GCC_WARN_UNINITIALIZED_AUTOS = YES_AGGRESSIVE;
				GCC_WARN_UNUSED_FUNCTION = YES;
				GCC_WARN_UNUSED_VARIABLE = YES;
				IPHONEOS_DEPLOYMENT_TARGET = 11.2;
				MTL_ENABLE_DEBUG_INFO = YES;
				ONLY_ACTIVE_ARCH = YES;
				SDKROOT = iphoneos;
			};
			name = Debug;
		};
		F6E28164204F90B900AF4654 /* Release */ = {
			isa = XCBuildConfiguration;
			buildSettings = {
				ALWAYS_SEARCH_USER_PATHS = NO;
				CLANG_ANALYZER_NONNULL = YES;
				CLANG_ANALYZER_NUMBER_OBJECT_CONVERSION = YES_AGGRESSIVE;
				CLANG_CXX_LANGUAGE_STANDARD = "gnu++14";
				CLANG_CXX_LIBRARY = "libc++";
				CLANG_ENABLE_MODULES = YES;
				CLANG_ENABLE_OBJC_ARC = YES;
				CLANG_WARN_BLOCK_CAPTURE_AUTORELEASING = YES;
				CLANG_WARN_BOOL_CONVERSION = YES;
				CLANG_WARN_COMMA = YES;
				CLANG_WARN_CONSTANT_CONVERSION = YES;
				CLANG_WARN_DIRECT_OBJC_ISA_USAGE = YES_ERROR;
				CLANG_WARN_DOCUMENTATION_COMMENTS = YES;
				CLANG_WARN_EMPTY_BODY = YES;
				CLANG_WARN_ENUM_CONVERSION = YES;
				CLANG_WARN_INFINITE_RECURSION = YES;
				CLANG_WARN_INT_CONVERSION = YES;
				CLANG_WARN_NON_LITERAL_NULL_CONVERSION = YES;
				CLANG_WARN_OBJC_LITERAL_CONVERSION = YES;
				CLANG_WARN_OBJC_ROOT_CLASS = YES_ERROR;
				CLANG_WARN_RANGE_LOOP_ANALYSIS = YES;
				CLANG_WARN_STRICT_PROTOTYPES = YES;
				CLANG_WARN_SUSPICIOUS_MOVE = YES;
				CLANG_WARN_UNGUARDED_AVAILABILITY = YES_AGGRESSIVE;
				CLANG_WARN_UNREACHABLE_CODE = YES;
				CLANG_WARN__DUPLICATE_METHOD_MATCH = YES;
				CODE_SIGN_IDENTITY = "iPhone Developer";
				COPY_PHASE_STRIP = NO;
				DEBUG_INFORMATION_FORMAT = "dwarf-with-dsym";
				ENABLE_NS_ASSERTIONS = NO;
				ENABLE_STRICT_OBJC_MSGSEND = YES;
				GCC_C_LANGUAGE_STANDARD = gnu11;
				GCC_NO_COMMON_BLOCKS = YES;
				GCC_WARN_64_TO_32_BIT_CONVERSION = YES;
				GCC_WARN_ABOUT_RETURN_TYPE = YES_ERROR;
				GCC_WARN_UNDECLARED_SELECTOR = YES;
				GCC_WARN_UNINITIALIZED_AUTOS = YES_AGGRESSIVE;
				GCC_WARN_UNUSED_FUNCTION = YES;
				GCC_WARN_UNUSED_VARIABLE = YES;
				IPHONEOS_DEPLOYMENT_TARGET = 11.2;
				MTL_ENABLE_DEBUG_INFO = NO;
				SDKROOT = iphoneos;
				VALIDATE_PRODUCT = YES;
			};
			name = Release;
		};
		F6E28166204F90B900AF4654 /* Debug */ = {
			isa = XCBuildConfiguration;
			baseConfigurationReference = 153B89B1E63B04A23568A5D6 /* Pods-Link Desk.debug.xcconfig */;
			buildSettings = {
				ASSETCATALOG_COMPILER_APPICON_NAME = AppIcon;
				CODE_SIGN_STYLE = Automatic;
				DEVELOPMENT_TEAM = LBDS9CU3QC;
				FRAMEWORK_SEARCH_PATHS = (
					"$(inherited)",
					"$(PROJECT_DIR)/Link\\ Desk/library",
					"$(PROJECT_DIR)/Link\\ Desk/library",
					"$(PROJECT_DIR)/Link\\ Desk/library",
					"$(PROJECT_DIR)/Link\\ Desk/library",
					"$(PROJECT_DIR)/Link\\ Desk/library",
					"$(PROJECT_DIR)/Link\\ Desk/library",
					"$(PROJECT_DIR)/Link\\ Desk/library",
				);
				INFOPLIST_FILE = "Link Desk/Info.plist";
				IPHONEOS_DEPLOYMENT_TARGET = 10.1;
				LD_RUNPATH_SEARCH_PATHS = "$(inherited) @executable_path/Frameworks";
				PRODUCT_BUNDLE_IDENTIFIER = "com.giangle.Link-Desk";
				PRODUCT_NAME = "$(TARGET_NAME)";
				TARGETED_DEVICE_FAMILY = "1,2";
			};
			name = Debug;
		};
		F6E28167204F90B900AF4654 /* Release */ = {
			isa = XCBuildConfiguration;
			baseConfigurationReference = ABB62849C20899E5CDDD8613 /* Pods-Link Desk.release.xcconfig */;
			buildSettings = {
				ASSETCATALOG_COMPILER_APPICON_NAME = AppIcon;
				CODE_SIGN_STYLE = Automatic;
				DEVELOPMENT_TEAM = LBDS9CU3QC;
				FRAMEWORK_SEARCH_PATHS = (
					"$(inherited)",
					"$(PROJECT_DIR)/Link\\ Desk/library",
					"$(PROJECT_DIR)/Link\\ Desk/library",
					"$(PROJECT_DIR)/Link\\ Desk/library",
					"$(PROJECT_DIR)/Link\\ Desk/library",
					"$(PROJECT_DIR)/Link\\ Desk/library",
					"$(PROJECT_DIR)/Link\\ Desk/library",
					"$(PROJECT_DIR)/Link\\ Desk/library",
				);
				INFOPLIST_FILE = "Link Desk/Info.plist";
				IPHONEOS_DEPLOYMENT_TARGET = 10.1;
				LD_RUNPATH_SEARCH_PATHS = "$(inherited) @executable_path/Frameworks";
				PRODUCT_BUNDLE_IDENTIFIER = "com.giangle.Link-Desk";
				PRODUCT_NAME = "$(TARGET_NAME)";
				TARGETED_DEVICE_FAMILY = "1,2";
			};
			name = Release;
		};
/* End XCBuildConfiguration section */

/* Begin XCConfigurationList section */
		F6E2814A204F90B800AF4654 /* Build configuration list for PBXProject "Link Desk" */ = {
			isa = XCConfigurationList;
			buildConfigurations = (
				F6E28163204F90B900AF4654 /* Debug */,
				F6E28164204F90B900AF4654 /* Release */,
			);
			defaultConfigurationIsVisible = 0;
			defaultConfigurationName = Release;
		};
		F6E28165204F90B900AF4654 /* Build configuration list for PBXNativeTarget "Link Desk" */ = {
			isa = XCConfigurationList;
			buildConfigurations = (
				F6E28166204F90B900AF4654 /* Debug */,
				F6E28167204F90B900AF4654 /* Release */,
			);
			defaultConfigurationIsVisible = 0;
			defaultConfigurationName = Release;
		};
/* End XCConfigurationList section */
	};
	rootObject = F6E28147204F90B800AF4654 /* Project object */;
}
